// !$*UTF8*$!
{
	archiveVersion = 1;
	classes = {
	};
	objectVersion = 51;
	objects = {

/* Begin PBXBuildFile section */
		925A687323960ED60079F485 /* Colors.xcassets in Resources */ = {isa = PBXBuildFile; fileRef = 925A687223960ED60079F485 /* Colors.xcassets */; };
		92D5F9732396020F006C788A /* AppDelegate.swift in Sources */ = {isa = PBXBuildFile; fileRef = 92D5F9722396020F006C788A /* AppDelegate.swift */; };
		92D5F9752396020F006C788A /* SceneDelegate.swift in Sources */ = {isa = PBXBuildFile; fileRef = 92D5F9742396020F006C788A /* SceneDelegate.swift */; };
		92D5F9772396020F006C788A /* ContentView.swift in Sources */ = {isa = PBXBuildFile; fileRef = 92D5F9762396020F006C788A /* ContentView.swift */; };
		92D5F97923960210006C788A /* Assets.xcassets in Resources */ = {isa = PBXBuildFile; fileRef = 92D5F97823960210006C788A /* Assets.xcassets */; };
		92D5F97C23960210006C788A /* Preview Assets.xcassets in Resources */ = {isa = PBXBuildFile; fileRef = 92D5F97B23960210006C788A /* Preview Assets.xcassets */; };
		92D5F97F23960210006C788A /* LaunchScreen.storyboard in Resources */ = {isa = PBXBuildFile; fileRef = 92D5F97D23960210006C788A /* LaunchScreen.storyboard */; };
		DBD0352CC99118A3ED2DB667 /* Pods_StoryboardParser.framework in Frameworks */ = {isa = PBXBuildFile; fileRef = 2D20DEFE213D894BD3EAC5DD /* Pods_StoryboardParser.framework */; };
/* End PBXBuildFile section */

/* Begin PBXFileReference section */
		2D20DEFE213D894BD3EAC5DD /* Pods_StoryboardParser.framework */ = {isa = PBXFileReference; explicitFileType = wrapper.framework; includeInIndex = 0; path = Pods_StoryboardParser.framework; sourceTree = BUILT_PRODUCTS_DIR; };
		3323F9BB68482CD34D3C5FE9 /* Pods-StoryboardParser.release.xcconfig */ = {isa = PBXFileReference; includeInIndex = 1; lastKnownFileType = text.xcconfig; name = "Pods-StoryboardParser.release.xcconfig"; path = "Target Support Files/Pods-StoryboardParser/Pods-StoryboardParser.release.xcconfig"; sourceTree = "<group>"; };
		925A687223960ED60079F485 /* Colors.xcassets */ = {isa = PBXFileReference; lastKnownFileType = folder.assetcatalog; path = Colors.xcassets; sourceTree = "<group>"; };
		92D5F96F2396020F006C788A /* StoryboardParser.app */ = {isa = PBXFileReference; explicitFileType = wrapper.application; includeInIndex = 0; path = StoryboardParser.app; sourceTree = BUILT_PRODUCTS_DIR; };
		92D5F9722396020F006C788A /* AppDelegate.swift */ = {isa = PBXFileReference; lastKnownFileType = sourcecode.swift; path = AppDelegate.swift; sourceTree = "<group>"; };
		92D5F9742396020F006C788A /* SceneDelegate.swift */ = {isa = PBXFileReference; lastKnownFileType = sourcecode.swift; path = SceneDelegate.swift; sourceTree = "<group>"; };
		92D5F9762396020F006C788A /* ContentView.swift */ = {isa = PBXFileReference; lastKnownFileType = sourcecode.swift; path = ContentView.swift; sourceTree = "<group>"; };
		92D5F97823960210006C788A /* Assets.xcassets */ = {isa = PBXFileReference; lastKnownFileType = folder.assetcatalog; path = Assets.xcassets; sourceTree = "<group>"; };
		92D5F97B23960210006C788A /* Preview Assets.xcassets */ = {isa = PBXFileReference; lastKnownFileType = folder.assetcatalog; path = "Preview Assets.xcassets"; sourceTree = "<group>"; };
		92D5F97E23960210006C788A /* Base */ = {isa = PBXFileReference; lastKnownFileType = file.storyboard; name = Base; path = Base.lproj/LaunchScreen.storyboard; sourceTree = "<group>"; };
		92D5F98023960210006C788A /* Info.plist */ = {isa = PBXFileReference; lastKnownFileType = text.plist.xml; path = Info.plist; sourceTree = "<group>"; };
		A17C0A1DB950586B878075D5 /* Pods-StoryboardParser.debug.xcconfig */ = {isa = PBXFileReference; includeInIndex = 1; lastKnownFileType = text.xcconfig; name = "Pods-StoryboardParser.debug.xcconfig"; path = "Target Support Files/Pods-StoryboardParser/Pods-StoryboardParser.debug.xcconfig"; sourceTree = "<group>"; };
/* End PBXFileReference section */

/* Begin PBXFrameworksBuildPhase section */
		92D5F96C2396020F006C788A /* Frameworks */ = {
			isa = PBXFrameworksBuildPhase;
			buildActionMask = 2147483647;
			files = (
				DBD0352CC99118A3ED2DB667 /* Pods_StoryboardParser.framework in Frameworks */,
			);
			runOnlyForDeploymentPostprocessing = 0;
		};
/* End PBXFrameworksBuildPhase section */

/* Begin PBXGroup section */
		023EB3815BEA5CFE6A900C52 /* Pods */ = {
			isa = PBXGroup;
			children = (
				A17C0A1DB950586B878075D5 /* Pods-StoryboardParser.debug.xcconfig */,
				3323F9BB68482CD34D3C5FE9 /* Pods-StoryboardParser.release.xcconfig */,
			);
			path = Pods;
			sourceTree = "<group>";
		};
		0B734E3AD74F2CAA538DCDCB /* Frameworks */ = {
			isa = PBXGroup;
			children = (
				2D20DEFE213D894BD3EAC5DD /* Pods_StoryboardParser.framework */,
			);
			name = Frameworks;
			sourceTree = "<group>";
		};
		92D5F9662396020F006C788A = {
			isa = PBXGroup;
			children = (
				92D5F9712396020F006C788A /* StoryboardParser */,
				92D5F9702396020F006C788A /* Products */,
				023EB3815BEA5CFE6A900C52 /* Pods */,
				0B734E3AD74F2CAA538DCDCB /* Frameworks */,
			);
			sourceTree = "<group>";
		};
		92D5F9702396020F006C788A /* Products */ = {
			isa = PBXGroup;
			children = (
				92D5F96F2396020F006C788A /* StoryboardParser.app */,
			);
			name = Products;
			sourceTree = "<group>";
		};
		92D5F9712396020F006C788A /* StoryboardParser */ = {
			isa = PBXGroup;
			children = (
				92D5F9722396020F006C788A /* AppDelegate.swift */,
				92D5F9742396020F006C788A /* SceneDelegate.swift */,
				92D5F9762396020F006C788A /* ContentView.swift */,
				92D5F97823960210006C788A /* Assets.xcassets */,
				925A687223960ED60079F485 /* Colors.xcassets */,
				92D5F97D23960210006C788A /* LaunchScreen.storyboard */,
				92D5F98023960210006C788A /* Info.plist */,
				92D5F97A23960210006C788A /* Preview Content */,
			);
			path = StoryboardParser;
			sourceTree = "<group>";
		};
		92D5F97A23960210006C788A /* Preview Content */ = {
			isa = PBXGroup;
			children = (
				92D5F97B23960210006C788A /* Preview Assets.xcassets */,
			);
			path = "Preview Content";
			sourceTree = "<group>";
		};
/* End PBXGroup section */

/* Begin PBXNativeTarget section */
		92D5F96E2396020F006C788A /* StoryboardParser */ = {
			isa = PBXNativeTarget;
			buildConfigurationList = 92D5F98323960210006C788A /* Build configuration list for PBXNativeTarget "StoryboardParser" */;
			buildPhases = (
				76A30964D78E35BE65016A9D /* [CP] Check Pods Manifest.lock */,
				92D5F96B2396020F006C788A /* Sources */,
				92D5F96C2396020F006C788A /* Frameworks */,
				92D5F96D2396020F006C788A /* Resources */,
				D7525716BE8353A4B1B2E60D /* [CP] Embed Pods Frameworks */,
			);
			buildRules = (
			);
			dependencies = (
			);
			name = StoryboardParser;
			productName = StoryboardParser;
			productReference = 92D5F96F2396020F006C788A /* StoryboardParser.app */;
			productType = "com.apple.product-type.application";
		};
/* End PBXNativeTarget section */

/* Begin PBXProject section */
		92D5F9672396020F006C788A /* Project object */ = {
			isa = PBXProject;
			attributes = {
				LastSwiftUpdateCheck = 1120;
				LastUpgradeCheck = 1120;
				ORGANIZATIONNAME = Healingpaper;
				TargetAttributes = {
					92D5F96E2396020F006C788A = {
						CreatedOnToolsVersion = 11.2.1;
					};
				};
			};
			buildConfigurationList = 92D5F96A2396020F006C788A /* Build configuration list for PBXProject "StoryboardParser" */;
			compatibilityVersion = "Xcode 9.3";
			developmentRegion = en;
			hasScannedForEncodings = 0;
			knownRegions = (
				en,
				Base,
			);
			mainGroup = 92D5F9662396020F006C788A;
			productRefGroup = 92D5F9702396020F006C788A /* Products */;
			projectDirPath = "";
			projectRoot = "";
			targets = (
				92D5F96E2396020F006C788A /* StoryboardParser */,
			);
		};
/* End PBXProject section */

/* Begin PBXResourcesBuildPhase section */
		92D5F96D2396020F006C788A /* Resources */ = {
			isa = PBXResourcesBuildPhase;
			buildActionMask = 2147483647;
			files = (
				92D5F97F23960210006C788A /* LaunchScreen.storyboard in Resources */,
				925A687323960ED60079F485 /* Colors.xcassets in Resources */,
				92D5F97C23960210006C788A /* Preview Assets.xcassets in Resources */,
				92D5F97923960210006C788A /* Assets.xcassets in Resources */,
			);
			runOnlyForDeploymentPostprocessing = 0;
		};
/* End PBXResourcesBuildPhase section */

/* Begin PBXShellScriptBuildPhase section */
		76A30964D78E35BE65016A9D /* [CP] Check Pods Manifest.lock */ = {
			isa = PBXShellScriptBuildPhase;
			buildActionMask = 2147483647;
			files = (
			);
			inputFileListPaths = (
			);
			inputPaths = (
				"${PODS_PODFILE_DIR_PATH}/Podfile.lock",
				"${PODS_ROOT}/Manifest.lock",
			);
			name = "[CP] Check Pods Manifest.lock";
			outputFileListPaths = (
			);
			outputPaths = (
				"$(DERIVED_FILE_DIR)/Pods-StoryboardParser-checkManifestLockResult.txt",
			);
			runOnlyForDeploymentPostprocessing = 0;
			shellPath = /bin/sh;
			shellScript = "diff \"${PODS_PODFILE_DIR_PATH}/Podfile.lock\" \"${PODS_ROOT}/Manifest.lock\" > /dev/null\nif [ $? != 0 ] ; then\n    # print error to STDERR\n    echo \"error: The sandbox is not in sync with the Podfile.lock. Run 'pod install' or update your CocoaPods installation.\" >&2\n    exit 1\nfi\n# This output is used by Xcode 'outputs' to avoid re-running this script phase.\necho \"SUCCESS\" > \"${SCRIPT_OUTPUT_FILE_0}\"\n";
			showEnvVarsInLog = 0;
		};
		D7525716BE8353A4B1B2E60D /* [CP] Embed Pods Frameworks */ = {
			isa = PBXShellScriptBuildPhase;
			buildActionMask = 2147483647;
			files = (
			);
			inputFileListPaths = (
				"${PODS_ROOT}/Target Support Files/Pods-StoryboardParser/Pods-StoryboardParser-frameworks-${CONFIGURATION}-input-files.xcfilelist",
			);
			name = "[CP] Embed Pods Frameworks";
			outputFileListPaths = (
				"${PODS_ROOT}/Target Support Files/Pods-StoryboardParser/Pods-StoryboardParser-frameworks-${CONFIGURATION}-output-files.xcfilelist",
			);
			runOnlyForDeploymentPostprocessing = 0;
			shellPath = /bin/sh;
			shellScript = "\"${PODS_ROOT}/Target Support Files/Pods-StoryboardParser/Pods-StoryboardParser-frameworks.sh\"\n";
			showEnvVarsInLog = 0;
		};
/* End PBXShellScriptBuildPhase section */

/* Begin PBXSourcesBuildPhase section */
		92D5F96B2396020F006C788A /* Sources */ = {
			isa = PBXSourcesBuildPhase;
			buildActionMask = 2147483647;
			files = (
				92D5F9732396020F006C788A /* AppDelegate.swift in Sources */,
				92D5F9752396020F006C788A /* SceneDelegate.swift in Sources */,
				92D5F9772396020F006C788A /* ContentView.swift in Sources */,
			);
			runOnlyForDeploymentPostprocessing = 0;
		};
/* End PBXSourcesBuildPhase section */

/* Begin PBXVariantGroup section */
		92D5F97D23960210006C788A /* LaunchScreen.storyboard */ = {
			isa = PBXVariantGroup;
			children = (
				92D5F97E23960210006C788A /* Base */,
			);
			name = LaunchScreen.storyboard;
			sourceTree = "<group>";
		};
/* End PBXVariantGroup section */

/* Begin XCBuildConfiguration section */
		92D5F98123960210006C788A /* Debug */ = {
			isa = XCBuildConfiguration;
			buildSettings = {
				ALWAYS_SEARCH_USER_PATHS = NO;
				CLANG_ANALYZER_NONNULL = YES;
				CLANG_ANALYZER_NUMBER_OBJECT_CONVERSION = YES_AGGRESSIVE;
				CLANG_CXX_LANGUAGE_STANDARD = "gnu++14";
				CLANG_CXX_LIBRARY = "libc++";
				CLANG_ENABLE_MODULES = YES;
				CLANG_ENABLE_OBJC_ARC = YES;
				CLANG_ENABLE_OBJC_WEAK = YES;
				CLANG_WARN_BLOCK_CAPTURE_AUTORELEASING = YES;
				CLANG_WARN_BOOL_CONVERSION = YES;
				CLANG_WARN_COMMA = YES;
				CLANG_WARN_CONSTANT_CONVERSION = YES;
				CLANG_WARN_DEPRECATED_OBJC_IMPLEMENTATIONS = YES;
				CLANG_WARN_DIRECT_OBJC_ISA_USAGE = YES_ERROR;
				CLANG_WARN_DOCUMENTATION_COMMENTS = YES;
				CLANG_WARN_EMPTY_BODY = YES;
				CLANG_WARN_ENUM_CONVERSION = YES;
				CLANG_WARN_INFINITE_RECURSION = YES;
				CLANG_WARN_INT_CONVERSION = YES;
				CLANG_WARN_NON_LITERAL_NULL_CONVERSION = YES;
				CLANG_WARN_OBJC_IMPLICIT_RETAIN_SELF = YES;
				CLANG_WARN_OBJC_LITERAL_CONVERSION = YES;
				CLANG_WARN_OBJC_ROOT_CLASS = YES_ERROR;
				CLANG_WARN_RANGE_LOOP_ANALYSIS = YES;
				CLANG_WARN_STRICT_PROTOTYPES = YES;
				CLANG_WARN_SUSPICIOUS_MOVE = YES;
				CLANG_WARN_UNGUARDED_AVAILABILITY = YES_AGGRESSIVE;
				CLANG_WARN_UNREACHABLE_CODE = YES;
				CLANG_WARN__DUPLICATE_METHOD_MATCH = YES;
				COPY_PHASE_STRIP = NO;
				DEBUG_INFORMATION_FORMAT = dwarf;
				ENABLE_STRICT_OBJC_MSGSEND = YES;
				ENABLE_TESTABILITY = YES;
				GCC_C_LANGUAGE_STANDARD = gnu11;
				GCC_DYNAMIC_NO_PIC = NO;
				GCC_NO_COMMON_BLOCKS = YES;
				GCC_OPTIMIZATION_LEVEL = 0;
				GCC_PREPROCESSOR_DEFINITIONS = (
					"DEBUG=1",
					"$(inherited)",
				);
				GCC_WARN_64_TO_32_BIT_CONVERSION = YES;
				GCC_WARN_ABOUT_RETURN_TYPE = YES_ERROR;
				GCC_WARN_UNDECLARED_SELECTOR = YES;
				GCC_WARN_UNINITIALIZED_AUTOS = YES_AGGRESSIVE;
				GCC_WARN_UNUSED_FUNCTION = YES;
				GCC_WARN_UNUSED_VARIABLE = YES;
				IPHONEOS_DEPLOYMENT_TARGET = 13.2;
				MTL_ENABLE_DEBUG_INFO = INCLUDE_SOURCE;
				MTL_FAST_MATH = YES;
				ONLY_ACTIVE_ARCH = YES;
				SDKROOT = iphoneos;
				SWIFT_ACTIVE_COMPILATION_CONDITIONS = DEBUG;
				SWIFT_OPTIMIZATION_LEVEL = "-Onone";
			};
			name = Debug;
		};
		92D5F98223960210006C788A /* Release */ = {
			isa = XCBuildConfiguration;
			buildSettings = {
				ALWAYS_SEARCH_USER_PATHS = NO;
				CLANG_ANALYZER_NONNULL = YES;
				CLANG_ANALYZER_NUMBER_OBJECT_CONVERSION = YES_AGGRESSIVE;
				CLANG_CXX_LANGUAGE_STANDARD = "gnu++14";
				CLANG_CXX_LIBRARY = "libc++";
				CLANG_ENABLE_MODULES = YES;
				CLANG_ENABLE_OBJC_ARC = YES;
				CLANG_ENABLE_OBJC_WEAK = YES;
				CLANG_WARN_BLOCK_CAPTURE_AUTORELEASING = YES;
				CLANG_WARN_BOOL_CONVERSION = YES;
				CLANG_WARN_COMMA = YES;
				CLANG_WARN_CONSTANT_CONVERSION = YES;
				CLANG_WARN_DEPRECATED_OBJC_IMPLEMENTATIONS = YES;
				CLANG_WARN_DIRECT_OBJC_ISA_USAGE = YES_ERROR;
				CLANG_WARN_DOCUMENTATION_COMMENTS = YES;
				CLANG_WARN_EMPTY_BODY = YES;
				CLANG_WARN_ENUM_CONVERSION = YES;
				CLANG_WARN_INFINITE_RECURSION = YES;
				CLANG_WARN_INT_CONVERSION = YES;
				CLANG_WARN_NON_LITERAL_NULL_CONVERSION = YES;
				CLANG_WARN_OBJC_IMPLICIT_RETAIN_SELF = YES;
				CLANG_WARN_OBJC_LITERAL_CONVERSION = YES;
				CLANG_WARN_OBJC_ROOT_CLASS = YES_ERROR;
				CLANG_WARN_RANGE_LOOP_ANALYSIS = YES;
				CLANG_WARN_STRICT_PROTOTYPES = YES;
				CLANG_WARN_SUSPICIOUS_MOVE = YES;
				CLANG_WARN_UNGUARDED_AVAILABILITY = YES_AGGRESSIVE;
				CLANG_WARN_UNREACHABLE_CODE = YES;
				CLANG_WARN__DUPLICATE_METHOD_MATCH = YES;
				COPY_PHASE_STRIP = NO;
				DEBUG_INFORMATION_FORMAT = "dwarf-with-dsym";
				ENABLE_NS_ASSERTIONS = NO;
				ENABLE_STRICT_OBJC_MSGSEND = YES;
				GCC_C_LANGUAGE_STANDARD = gnu11;
				GCC_NO_COMMON_BLOCKS = YES;
				GCC_WARN_64_TO_32_BIT_CONVERSION = YES;
				GCC_WARN_ABOUT_RETURN_TYPE = YES_ERROR;
				GCC_WARN_UNDECLARED_SELECTOR = YES;
				GCC_WARN_UNINITIALIZED_AUTOS = YES_AGGRESSIVE;
				GCC_WARN_UNUSED_FUNCTION = YES;
				GCC_WARN_UNUSED_VARIABLE = YES;
				IPHONEOS_DEPLOYMENT_TARGET = 13.2;
				MTL_ENABLE_DEBUG_INFO = NO;
				MTL_FAST_MATH = YES;
				SDKROOT = iphoneos;
				SWIFT_COMPILATION_MODE = wholemodule;
				SWIFT_OPTIMIZATION_LEVEL = "-O";
				VALIDATE_PRODUCT = YES;
			};
			name = Release;
		};
		92D5F98423960210006C788A /* Debug */ = {
			isa = XCBuildConfiguration;
			baseConfigurationReference = A17C0A1DB950586B878075D5 /* Pods-StoryboardParser.debug.xcconfig */;
			buildSettings = {
				ASSETCATALOG_COMPILER_APPICON_NAME = AppIcon;
				CODE_SIGN_STYLE = Automatic;
				DEVELOPMENT_ASSET_PATHS = "\"StoryboardParser/Preview Content\"";
				DEVELOPMENT_TEAM = 4BHXT8RHFR;
				ENABLE_PREVIEWS = YES;
				INFOPLIST_FILE = StoryboardParser/Info.plist;
				LD_RUNPATH_SEARCH_PATHS = (
					"$(inherited)",
					"@executable_path/Frameworks",
				);
				PRODUCT_BUNDLE_IDENTIFIER = com.ShirouCo.StoryboardParser;
				PRODUCT_NAME = "$(TARGET_NAME)";
				SWIFT_VERSION = 5.0;
				TARGETED_DEVICE_FAMILY = "1,2";
			};
			name = Debug;
		};
		92D5F98523960210006C788A /* Release */ = {
			isa = XCBuildConfiguration;
			baseConfigurationReference = 3323F9BB68482CD34D3C5FE9 /* Pods-StoryboardParser.release.xcconfig */;
			buildSettings = {
				ASSETCATALOG_COMPILER_APPICON_NAME = AppIcon;
				CODE_SIGN_STYLE = Automatic;
				DEVELOPMENT_ASSET_PATHS = "\"StoryboardParser/Preview Content\"";
				DEVELOPMENT_TEAM = 4BHXT8RHFR;
				ENABLE_PREVIEWS = YES;
				INFOPLIST_FILE = StoryboardParser/Info.plist;
				LD_RUNPATH_SEARCH_PATHS = (
					"$(inherited)",
					"@executable_path/Frameworks",
				);
				PRODUCT_BUNDLE_IDENTIFIER = com.ShirouCo.StoryboardParser;
				PRODUCT_NAME = "$(TARGET_NAME)";
				SWIFT_VERSION = 5.0;
				TARGETED_DEVICE_FAMILY = "1,2";
			};
			name = Release;
		};
/* End XCBuildConfiguration section */

/* Begin XCConfigurationList section */
		92D5F96A2396020F006C788A /* Build configuration list for PBXProject "StoryboardParser" */ = {
			isa = XCConfigurationList;
			buildConfigurations = (
				92D5F98123960210006C788A /* Debug */,
				92D5F98223960210006C788A /* Release */,
			);
			defaultConfigurationIsVisible = 0;
			defaultConfigurationName = Release;
		};
		92D5F98323960210006C788A /* Build configuration list for PBXNativeTarget "StoryboardParser" */ = {
			isa = XCConfigurationList;
			buildConfigurations = (
				92D5F98423960210006C788A /* Debug */,
				92D5F98523960210006C788A /* Release */,
			);
			defaultConfigurationIsVisible = 0;
			defaultConfigurationName = Release;
		};
/* End XCConfigurationList section */
	};
	rootObject = 92D5F9672396020F006C788A /* Project object */;
}
